
Microsoft Visual Studio Solution File, Format Version 12.00
# Visual Studio Version 16
VisualStudioVersion = 16.0.31129.286
MinimumVisualStudioVersion = 10.0.40219.1
Project("{9A19103F-16F7-4668-BE54-9A1E7A4F7556}") = "Authenticator", "Authenticator\Authenticator.csproj", "{F98756D7-CAC1-4268-BF60-F20AB0A34D47}"
EndProject
Project("{9A19103F-16F7-4668-BE54-9A1E7A4F7556}") = "Authenticator.Utility", "Authenticator.Utility\Authenticator.Utility.csproj", "{8B4B8A8B-6B4C-478E-8562-63478E80DEA6}"
EndProject
Project("{9A19103F-16F7-4668-BE54-9A1E7A4F7556}") = "Authenticator.Log", "Authenticator.Log\Authenticator.Log.csproj", "{A3AC3458-896B-410B-8974-63CB73FAA32B}"
EndProject
Project("{9A19103F-16F7-4668-BE54-9A1E7A4F7556}") = "Authenticator.Saml", "Authenticator.Saml\Authenticator.Saml.csproj", "{8BE1F467-A5C4-450E-B74F-BA8CE993F257}"
EndProject
Project("{2150E333-8FDC-42A3-9474-1A3956D46DE8}") = "Solution Items", "Solution Items", "{43F2E66F-4737-4B90-ADA5-F2FB61829F15}"
	ProjectSection(SolutionItems) = preProject
		.editorconfig = .editorconfig
	EndProjectSection
EndProject

Global
	GlobalSection(SolutionConfigurationPlatforms) = preSolution
		Debug|Any CPU = Debug|Any CPU
		Release|Any CPU = Release|Any CPU
	EndGlobalSection
	GlobalSection(ProjectConfigurationPlatforms) = postSolution
		{F98756D7-CAC1-4268-BF60-F20AB0A34D47}.Debug|Any CPU.ActiveCfg = Debug|Any CPU
		{F98756D7-CAC1-4268-BF60-F20AB0A34D47}.Debug|Any CPU.Build.0 = Debug|Any CPU
		{F98756D7-CAC1-4268-BF60-F20AB0A34D47}.Release|Any CPU.ActiveCfg = Release|Any CPU
		{F98756D7-CAC1-4268-BF60-F20AB0A34D47}.Release|Any CPU.Build.0 = Release|Any CPU
		{8B4B8A8B-6B4C-478E-8562-63478E80DEA6}.Debug|Any CPU.ActiveCfg = Debug|Any CPU
		{8B4B8A8B-6B4C-478E-8562-63478E80DEA6}.Debug|Any CPU.Build.0 = Debug|Any CPU
		{8B4B8A8B-6B4C-478E-8562-63478E80DEA6}.Release|Any CPU.ActiveCfg = Release|Any CPU
		{8B4B8A8B-6B4C-478E-8562-63478E80DEA6}.Release|Any CPU.Build.0 = Release|Any CPU
		{A3AC3458-896B-410B-8974-63CB73FAA32B}.Debug|Any CPU.ActiveCfg = Debug|Any CPU
		{A3AC3458-896B-410B-8974-63CB73FAA32B}.Debug|Any CPU.Build.0 = Debug|Any CPU
		{A3AC3458-896B-410B-8974-63CB73FAA32B}.Release|Any CPU.ActiveCfg = Release|Any CPU
		{A3AC3458-896B-410B-8974-63CB73FAA32B}.Release|Any CPU.Build.0 = Release|Any CPU
		{8BE1F467-A5C4-450E-B74F-BA8CE993F257}.Debug|Any CPU.ActiveCfg = Debug|Any CPU
		{8BE1F467-A5C4-450E-B74F-BA8CE993F257}.Debug|Any CPU.Build.0 = Debug|Any CPU
		{8BE1F467-A5C4-450E-B74F-BA8CE993F257}.Release|Any CPU.ActiveCfg = Release|Any CPU
		{8BE1F467-A5C4-450E-B74F-BA8CE993F257}.Release|Any CPU.Build.0 = Release|Any CPU
	EndGlobalSection
	GlobalSection(SolutionProperties) = preSolution
		HideSolutionNode = FALSE
	EndGlobalSection
	GlobalSection(ExtensibilityGlobals) = postSolution
		SolutionGuid = {753CF20D-1757-4916-A381-F90EFC8CDAF5}
	EndGlobalSection
EndGlobal
