
Microsoft Visual Studio Solution File, Format Version 12.00
# Visual Studio Version 17
VisualStudioVersion = 17.6.33801.468
MinimumVisualStudioVersion = 10.0.40219.1
Project("{FAE04EC0-301F-11D3-BF4B-00C04F79EFBC}") = "TokenGenerator", "TokenGenerator\TokenGenerator.csproj", "{B53EC962-1974-47FC-89F5-120C42358E26}"
EndProject
Project("{FAE04EC0-301F-11D3-BF4B-00C04F79EFBC}") = "TokenGenerator.Log", "TokenGenerator.Log\TokenGenerator.Log.csproj", "{B33E1E10-08D5-4D2D-8BE5-426D4BAFCFDE}"
EndProject
Project("{FAE04EC0-301F-11D3-BF4B-00C04F79EFBC}") = "TokenGenerator.Saml", "TokenGenerator.Saml\TokenGenerator.Saml.csproj", "{8D2610FC-E4DD-479C-8191-F10BF229A2B8}"
EndProject
Project("{FAE04EC0-301F-11D3-BF4B-00C04F79EFBC}") = "TokenGenerator.Utility", "TokenGenerator.Utility\TokenGenerator.Utility.csproj", "{A743D141-3396-4B21-A9DB-C0E410026C10}"
EndProject
Global
	GlobalSection(SolutionConfigurationPlatforms) = preSolution
		Debug|Any CPU = Debug|Any CPU
		Release|Any CPU = Release|Any CPU
	EndGlobalSection
	GlobalSection(ProjectConfigurationPlatforms) = postSolution
		{B53EC962-1974-47FC-89F5-120C42358E26}.Debug|Any CPU.ActiveCfg = Debug|Any CPU
		{B53EC962-1974-47FC-89F5-120C42358E26}.Debug|Any CPU.Build.0 = Debug|Any CPU
		{B53EC962-1974-47FC-89F5-120C42358E26}.Release|Any CPU.ActiveCfg = Release|Any CPU
		{B53EC962-1974-47FC-89F5-120C42358E26}.Release|Any CPU.Build.0 = Release|Any CPU
		{B33E1E10-08D5-4D2D-8BE5-426D4BAFCFDE}.Debug|Any CPU.ActiveCfg = Debug|Any CPU
		{B33E1E10-08D5-4D2D-8BE5-426D4BAFCFDE}.Debug|Any CPU.Build.0 = Debug|Any CPU
		{B33E1E10-08D5-4D2D-8BE5-426D4BAFCFDE}.Release|Any CPU.ActiveCfg = Release|Any CPU
		{B33E1E10-08D5-4D2D-8BE5-426D4BAFCFDE}.Release|Any CPU.Build.0 = Release|Any CPU
		{8D2610FC-E4DD-479C-8191-F10BF229A2B8}.Debug|Any CPU.ActiveCfg = Debug|Any CPU
		{8D2610FC-E4DD-479C-8191-F10BF229A2B8}.Debug|Any CPU.Build.0 = Debug|Any CPU
		{8D2610FC-E4DD-479C-8191-F10BF229A2B8}.Release|Any CPU.ActiveCfg = Release|Any CPU
		{8D2610FC-E4DD-479C-8191-F10BF229A2B8}.Release|Any CPU.Build.0 = Release|Any CPU
		{A743D141-3396-4B21-A9DB-C0E410026C10}.Debug|Any CPU.ActiveCfg = Debug|Any CPU
		{A743D141-3396-4B21-A9DB-C0E410026C10}.Debug|Any CPU.Build.0 = Debug|Any CPU
		{A743D141-3396-4B21-A9DB-C0E410026C10}.Release|Any CPU.ActiveCfg = Release|Any CPU
		{A743D141-3396-4B21-A9DB-C0E410026C10}.Release|Any CPU.Build.0 = Release|Any CPU
	EndGlobalSection
	GlobalSection(SolutionProperties) = preSolution
		HideSolutionNode = FALSE
	EndGlobalSection
	GlobalSection(ExtensibilityGlobals) = postSolution
		SolutionGuid = {460CA793-8EF7-495B-8E5D-8121F96C418B}
	EndGlobalSection
EndGlobal
